{
    "_readme": [
        "This file locks the dependencies of your project to a known state",
        "Read more about it at https://getcomposer.org/doc/01-basic-usage.md#composer-lock-the-lock-file",
        "This file is @generated automatically"
    ],
    "hash": "7270205e7a3b88e9db4e3499f53963a2",
    "content-hash": "e07deea48542a1a2d20b91411b02ccba",
    "packages": [
        {
            "name": "monolog/monolog",
            "version": "1.24.0",
            "source": {
                "type": "git",
                "url": "https://github.com/Seldaek/monolog.git",
                "reference": "bfc9ebb28f97e7a24c45bdc3f0ff482e47bb0266"
            },
            "dist": {
                "type": "zip",
                "url": "https://api.github.com/repos/Seldaek/monolog/zipball/bfc9ebb28f97e7a24c45bdc3f0ff482e47bb0266",
                "reference": "bfc9ebb28f97e7a24c45bdc3f0ff482e47bb0266",
                "shasum": ""
            },
            "require": {
                "php": ">=5.3.0",
                "psr/log": "~1.0"
            },
            "provide": {
                "psr/log-implementation": "1.0.0"
            },
            "require-dev": {
                "aws/aws-sdk-php": "^2.4.9 || ^3.0",
                "doctrine/couchdb": "~1.0@dev",
                "graylog2/gelf-php": "~1.0",
                "jakub-onderka/php-parallel-lint": "0.9",
                "php-amqplib/php-amqplib": "~2.4",
                "php-console/php-console": "^3.1.3",
                "phpunit/phpunit": "~4.5",
                "phpunit/phpunit-mock-objects": "2.3.0",
                "ruflin/elastica": ">=0.90 <3.0",
                "sentry/sentry": "^0.13",
                "swiftmailer/swiftmailer": "^5.3|^6.0"
            },
            "suggest": {
                "aws/aws-sdk-php": "Allow sending log messages to AWS services like DynamoDB",
                "doctrine/couchdb": "Allow sending log messages to a CouchDB server",
                "ext-amqp": "Allow sending log messages to an AMQP server (1.0+ required)",
                "ext-mongo": "Allow sending log messages to a MongoDB server",
                "graylog2/gelf-php": "Allow sending log messages to a GrayLog2 server",
                "mongodb/mongodb": "Allow sending log messages to a MongoDB server via PHP Driver",
                "php-amqplib/php-amqplib": "Allow sending log messages to an AMQP server using php-amqplib",
                "php-console/php-console": "Allow sending log messages to Google Chrome",
                "rollbar/rollbar": "Allow sending log messages to Rollbar",
                "ruflin/elastica": "Allow sending log messages to an Elastic Search server",
                "sentry/sentry": "Allow sending log messages to a Sentry server"
            },
            "type": "library",
            "extra": {
                "branch-alias": {
                    "dev-master": "2.0.x-dev"
                }
            },
            "autoload": {
                "psr-4": {
                    "Monolog\\": "src/Monolog"
                }
            },
            "notification-url": "https://packagist.org/downloads/",
            "license": [
                "MIT"
            ],
            "authors": [
                {
                    "name": "Jordi Boggiano",
                    "email": "j.boggiano@seld.be",
                    "homepage": "http://seld.be"
                }
            ],
            "description": "Sends your logs to files, sockets, inboxes, databases and various web services",
            "homepage": "http://github.com/Seldaek/monolog",
            "keywords": [
                "log",
                "logging",
                "psr-3"
            ],
            "time": "2018-11-05 09:00:11"
        },
        {
            "name": "psr/log",
            "version": "1.1.0",
            "source": {
                "type": "git",
                "url": "https://github.com/php-fig/log.git",
                "reference": "6c001f1daafa3a3ac1d8ff69ee4db8e799a654dd"
            },
            "dist": {
                "type": "zip",
                "url": "https://api.github.com/repos/php-fig/log/zipball/6c001f1daafa3a3ac1d8ff69ee4db8e799a654dd",
                "reference": "6c001f1daafa3a3ac1d8ff69ee4db8e799a654dd",
                "shasum": ""
            },
            "require": {
                "php": ">=5.3.0"
            },
            "type": "library",
            "extra": {
                "branch-alias": {
                    "dev-master": "1.0.x-dev"
                }
            },
            "autoload": {
                "psr-4": {
                    "Psr\\Log\\": "Psr/Log/"
                }
            },
            "notification-url": "https://packagist.org/downloads/",
            "license": [
                "MIT"
            ],
            "authors": [
                {
                    "name": "PHP-FIG",
                    "homepage": "http://www.php-fig.org/"
                }
            ],
            "description": "Common interface for logging libraries",
            "homepage": "https://github.com/php-fig/log",
            "keywords": [
                "log",
                "psr",
                "psr-3"
            ],
            "time": "2018-11-20 15:27:04"
        }
    ],
    "packages-dev": [
        {
            "name": "pdepend/pdepend",
            "version": "2.5.2",
            "source": {
                "type": "git",
                "url": "https://github.com/pdepend/pdepend.git",
                "reference": "9daf26d0368d4a12bed1cacae1a9f3a6f0adf239"
            },
            "dist": {
                "type": "zip",
                "url": "https://api.github.com/repos/pdepend/pdepend/zipball/9daf26d0368d4a12bed1cacae1a9f3a6f0adf239",
                "reference": "9daf26d0368d4a12bed1cacae1a9f3a6f0adf239",
                "shasum": ""
            },
            "require": {
                "php": ">=5.3.7",
                "symfony/config": "^2.3.0|^3|^4",
                "symfony/dependency-injection": "^2.3.0|^3|^4",
                "symfony/filesystem": "^2.3.0|^3|^4"
            },
            "require-dev": {
                "phpunit/phpunit": "^4.8|^5.7",
                "squizlabs/php_codesniffer": "^2.0.0"
            },
            "bin": [
                "src/bin/pdepend"
            ],
            "type": "library",
            "autoload": {
                "psr-4": {
                    "PDepend\\": "src/main/php/PDepend"
                }
            },
            "notification-url": "https://packagist.org/downloads/",
            "license": [
                "BSD-3-Clause"
            ],
            "description": "Official version of pdepend to be handled with Composer",
            "time": "2017-12-13 13:21:38"
        },
        {
            "name": "phing/phing",
            "version": "2.16.1",
            "source": {
                "type": "git",
                "url": "https://github.com/phingofficial/phing.git",
                "reference": "cbe0f969e434e269af91b4160b86fe899c6e07c7"
            },
            "dist": {
                "type": "zip",
                "url": "https://api.github.com/repos/phingofficial/phing/zipball/cbe0f969e434e269af91b4160b86fe899c6e07c7",
                "reference": "cbe0f969e434e269af91b4160b86fe899c6e07c7",
                "shasum": ""
            },
            "require": {
                "php": ">=5.2.0",
                "symfony/yaml": "^3.1 || ^4.0"
            },
            "require-dev": {
                "ext-pdo_sqlite": "*",
                "mikey179/vfsstream": "^1.6",
                "pdepend/pdepend": "2.x",
                "pear/archive_tar": "1.4.x",
                "pear/http_request2": "dev-trunk",
                "pear/net_growl": "dev-trunk",
                "pear/pear-core-minimal": "1.10.1",
                "pear/versioncontrol_git": "@dev",
                "pear/versioncontrol_svn": "~0.5",
                "phpdocumentor/phpdocumentor": "2.x",
                "phploc/phploc": "~2.0.6",
                "phpmd/phpmd": "~2.2",
                "phpunit/phpunit": ">=3.7",
                "sebastian/git": "~1.0",
                "sebastian/phpcpd": "2.x",
                "siad007/versioncontrol_hg": "^1.0",
                "simpletest/simpletest": "^1.1",
                "squizlabs/php_codesniffer": "~2.2"
            },
            "suggest": {
                "pdepend/pdepend": "PHP version of JDepend",
                "pear/archive_tar": "Tar file management class",
                "pear/versioncontrol_git": "A library that provides OO interface to handle Git repository",
                "pear/versioncontrol_svn": "A simple OO-style interface for Subversion, the free/open-source version control system",
                "phpdocumentor/phpdocumentor": "Documentation Generator for PHP",
                "phploc/phploc": "A tool for quickly measuring the size of a PHP project",
                "phpmd/phpmd": "PHP version of PMD tool",
                "phpunit/php-code-coverage": "Library that provides collection, processing, and rendering functionality for PHP code coverage information",
                "phpunit/phpunit": "The PHP Unit Testing Framework",
                "sebastian/phpcpd": "Copy/Paste Detector (CPD) for PHP code",
                "siad007/versioncontrol_hg": "A library for interfacing with Mercurial repositories.",
                "tedivm/jshrink": "Javascript Minifier built in PHP"
            },
            "bin": [
                "bin/phing"
            ],
            "type": "library",
            "extra": {
                "branch-alias": {
                    "dev-master": "2.16.x-dev"
                }
            },
            "autoload": {
                "classmap": [
                    "classes/phing/"
                ]
            },
            "notification-url": "https://packagist.org/downloads/",
            "include-path": [
                "classes"
            ],
            "license": [
                "LGPL-3.0"
            ],
            "authors": [
                {
                    "name": "Michiel Rook",
                    "email": "mrook@php.net"
                },
                {
                    "name": "Phing Community",
                    "homepage": "https://www.phing.info/trac/wiki/Development/Contributors"
                }
            ],
            "description": "PHing Is Not GNU make; it's a PHP project build system or build tool based on Apache Ant.",
            "homepage": "https://www.phing.info/",
            "keywords": [
                "build",
                "phing",
                "task",
                "tool"
            ],
            "time": "2018-01-25 13:18:09"
        },
        {
            "name": "phploc/phploc",
            "version": "4.0.1",
            "source": {
                "type": "git",
                "url": "https://github.com/sebastianbergmann/phploc.git",
                "reference": "6a8a9416517b82d6326ac9c2d040ad53c13654eb"
            },
            "dist": {
                "type": "zip",
                "url": "https://api.github.com/repos/sebastianbergmann/phploc/zipball/6a8a9416517b82d6326ac9c2d040ad53c13654eb",
                "reference": "6a8a9416517b82d6326ac9c2d040ad53c13654eb",
                "shasum": ""
            },
            "require": {
                "php": "^5.6 || ^7.0",
                "sebastian/finder-facade": "^1.1",
                "sebastian/version": "^2.0",
                "symfony/console": "^2.7|^3.0|^4.0"
            },
            "bin": [
                "phploc"
            ],
            "type": "library",
            "extra": {
                "branch-alias": {
                    "dev-master": "4.0-dev"
                }
            },
            "autoload": {
                "classmap": [
                    "src/"
                ]
            },
            "notification-url": "https://packagist.org/downloads/",
            "license": [
                "BSD-3-Clause"
            ],
            "authors": [
                {
                    "name": "Sebastian Bergmann",
                    "email": "sebastian@phpunit.de",
                    "role": "lead"
                }
            ],
            "description": "A tool for quickly measuring the size of a PHP project.",
            "homepage": "https://github.com/sebastianbergmann/phploc",
            "time": "2017-11-18 17:35:43"
        },
        {
            "name": "phpmd/phpmd",
            "version": "2.6.0",
            "source": {
                "type": "git",
                "url": "https://github.com/phpmd/phpmd.git",
                "reference": "4e9924b2c157a3eb64395460fcf56b31badc8374"
            },
            "dist": {
                "type": "zip",
                "url": "https://api.github.com/repos/phpmd/phpmd/zipball/4e9924b2c157a3eb64395460fcf56b31badc8374",
                "reference": "4e9924b2c157a3eb64395460fcf56b31badc8374",
                "shasum": ""
            },
            "require": {
                "ext-xml": "*",
                "pdepend/pdepend": "^2.5",
                "php": ">=5.3.9"
            },
            "require-dev": {
                "phpunit/phpunit": "^4.0",
                "squizlabs/php_codesniffer": "^2.0"
            },
            "bin": [
                "src/bin/phpmd"
            ],
            "type": "project",
            "autoload": {
                "psr-0": {
                    "PHPMD\\": "src/main/php"
                }
            },
            "notification-url": "https://packagist.org/downloads/",
            "license": [
                "BSD-3-Clause"
            ],
            "authors": [
                {
                    "name": "Manuel Pichler",
                    "email": "github@manuel-pichler.de",
                    "homepage": "https://github.com/manuelpichler",
                    "role": "Project Founder"
                },
                {
                    "name": "Other contributors",
                    "homepage": "https://github.com/phpmd/phpmd/graphs/contributors",
                    "role": "Contributors"
                },
                {
                    "name": "Marc Würth",
                    "email": "ravage@bluewin.ch",
                    "homepage": "https://github.com/ravage84",
                    "role": "Project Maintainer"
                }
            ],
            "description": "PHPMD is a spin-off project of PHP Depend and aims to be a PHP equivalent of the well known Java tool PMD.",
            "homepage": "http://phpmd.org/",
            "keywords": [
                "mess detection",
                "mess detector",
                "pdepend",
                "phpmd",
                "pmd"
            ],
            "time": "2017-01-20 14:41:10"
        },
        {
            "name": "phpunit/php-timer",
            "version": "2.0.0",
            "source": {
                "type": "git",
                "url": "https://github.com/sebastianbergmann/php-timer.git",
                "reference": "8b8454ea6958c3dee38453d3bd571e023108c91f"
            },
            "dist": {
                "type": "zip",
                "url": "https://api.github.com/repos/sebastianbergmann/php-timer/zipball/8b8454ea6958c3dee38453d3bd571e023108c91f",
                "reference": "8b8454ea6958c3dee38453d3bd571e023108c91f",
                "shasum": ""
            },
            "require": {
                "php": "^7.1"
            },
            "require-dev": {
                "phpunit/phpunit": "^7.0"
            },
            "type": "library",
            "extra": {
                "branch-alias": {
                    "dev-master": "2.0-dev"
                }
            },
            "autoload": {
                "classmap": [
                    "src/"
                ]
            },
            "notification-url": "https://packagist.org/downloads/",
            "license": [
                "BSD-3-Clause"
            ],
            "authors": [
                {
                    "name": "Sebastian Bergmann",
                    "email": "sebastian@phpunit.de",
                    "role": "lead"
                }
            ],
            "description": "Utility class for timing",
            "homepage": "https://github.com/sebastianbergmann/php-timer/",
            "keywords": [
                "timer"
            ],
            "time": "2018-02-01 13:07:23"
        },
        {
            "name": "psr/container",
            "version": "1.0.0",
            "source": {
                "type": "git",
                "url": "https://github.com/php-fig/container.git",
                "reference": "b7ce3b176482dbbc1245ebf52b181af44c2cf55f"
            },
            "dist": {
                "type": "zip",
                "url": "https://api.github.com/repos/php-fig/container/zipball/b7ce3b176482dbbc1245ebf52b181af44c2cf55f",
                "reference": "b7ce3b176482dbbc1245ebf52b181af44c2cf55f",
                "shasum": ""
            },
            "require": {
                "php": ">=5.3.0"
            },
            "type": "library",
            "extra": {
                "branch-alias": {
                    "dev-master": "1.0.x-dev"
                }
            },
            "autoload": {
                "psr-4": {
                    "Psr\\Container\\": "src/"
                }
            },
            "notification-url": "https://packagist.org/downloads/",
            "license": [
                "MIT"
            ],
            "authors": [
                {
                    "name": "PHP-FIG",
                    "homepage": "http://www.php-fig.org/"
                }
            ],
            "description": "Common Container Interface (PHP FIG PSR-11)",
            "homepage": "https://github.com/php-fig/container",
            "keywords": [
                "PSR-11",
                "container",
                "container-interface",
                "container-interop",
                "psr"
            ],
            "time": "2017-02-14 16:28:37"
        },
        {
            "name": "sebastian/finder-facade",
            "version": "1.2.2",
            "source": {
                "type": "git",
                "url": "https://github.com/sebastianbergmann/finder-facade.git",
                "reference": "4a3174709c2dc565fe5fb26fcf827f6a1fc7b09f"
            },
            "dist": {
                "type": "zip",
                "url": "https://api.github.com/repos/sebastianbergmann/finder-facade/zipball/4a3174709c2dc565fe5fb26fcf827f6a1fc7b09f",
                "reference": "4a3174709c2dc565fe5fb26fcf827f6a1fc7b09f",
                "shasum": ""
            },
            "require": {
                "symfony/finder": "~2.3|~3.0|~4.0",
                "theseer/fdomdocument": "~1.3"
            },
            "type": "library",
            "autoload": {
                "classmap": [
                    "src/"
                ]
            },
            "notification-url": "https://packagist.org/downloads/",
            "license": [
                "BSD-3-Clause"
            ],
            "authors": [
                {
                    "name": "Sebastian Bergmann",
                    "email": "sebastian@phpunit.de",
                    "role": "lead"
                }
            ],
            "description": "FinderFacade is a convenience wrapper for Symfony's Finder component.",
            "homepage": "https://github.com/sebastianbergmann/finder-facade",
            "time": "2017-11-18 17:31:49"
        },
        {
            "name": "sebastian/phpcpd",
            "version": "4.1.0",
            "source": {
                "type": "git",
                "url": "https://github.com/sebastianbergmann/phpcpd.git",
                "reference": "0d9afa762f2400de077b2192f4a9d127de0bb78e"
            },
            "dist": {
                "type": "zip",
                "url": "https://api.github.com/repos/sebastianbergmann/phpcpd/zipball/0d9afa762f2400de077b2192f4a9d127de0bb78e",
                "reference": "0d9afa762f2400de077b2192f4a9d127de0bb78e",
                "shasum": ""
            },
            "require": {
                "ext-dom": "*",
                "php": "^7.1",
                "phpunit/php-timer": "^2.0",
                "sebastian/finder-facade": "^1.1",
                "sebastian/version": "^1.0|^2.0",
                "symfony/console": "^2.7|^3.0|^4.0"
            },
            "bin": [
                "phpcpd"
            ],
            "type": "library",
            "extra": {
                "branch-alias": {
                    "dev-master": "4.0-dev"
                }
            },
            "autoload": {
                "classmap": [
                    "src/"
                ]
            },
            "notification-url": "https://packagist.org/downloads/",
            "license": [
                "BSD-3-Clause"
            ],
            "authors": [
                {
                    "name": "Sebastian Bergmann",
                    "email": "sebastian@phpunit.de",
                    "role": "lead"
                }
            ],
            "description": "Copy/Paste Detector (CPD) for PHP code.",
            "homepage": "https://github.com/sebastianbergmann/phpcpd",
            "time": "2018-09-17 17:17:27"
        },
        {
            "name": "sebastian/version",
            "version": "2.0.1",
            "source": {
                "type": "git",
                "url": "https://github.com/sebastianbergmann/version.git",
                "reference": "99732be0ddb3361e16ad77b68ba41efc8e979019"
            },
            "dist": {
                "type": "zip",
                "url": "https://api.github.com/repos/sebastianbergmann/version/zipball/99732be0ddb3361e16ad77b68ba41efc8e979019",
                "reference": "99732be0ddb3361e16ad77b68ba41efc8e979019",
                "shasum": ""
            },
            "require": {
                "php": ">=5.6"
            },
            "type": "library",
            "extra": {
                "branch-alias": {
                    "dev-master": "2.0.x-dev"
                }
            },
            "autoload": {
                "classmap": [
                    "src/"
                ]
            },
            "notification-url": "https://packagist.org/downloads/",
            "license": [
                "BSD-3-Clause"
            ],
            "authors": [
                {
                    "name": "Sebastian Bergmann",
                    "email": "sebastian@phpunit.de",
                    "role": "lead"
                }
            ],
            "description": "Library that helps with managing the version number of Git-hosted PHP projects",
            "homepage": "https://github.com/sebastianbergmann/version",
            "time": "2016-10-03 07:35:21"
        },
        {
            "name": "squizlabs/php_codesniffer",
            "version": "3.4.0",
            "source": {
                "type": "git",
                "url": "https://github.com/squizlabs/PHP_CodeSniffer.git",
                "reference": "379deb987e26c7cd103a7b387aea178baec96e48"
            },
            "dist": {
                "type": "zip",
                "url": "https://api.github.com/repos/squizlabs/PHP_CodeSniffer/zipball/379deb987e26c7cd103a7b387aea178baec96e48",
                "reference": "379deb987e26c7cd103a7b387aea178baec96e48",
                "shasum": ""
            },
            "require": {
                "ext-simplexml": "*",
                "ext-tokenizer": "*",
                "ext-xmlwriter": "*",
                "php": ">=5.4.0"
            },
            "require-dev": {
                "phpunit/phpunit": "^4.0 || ^5.0 || ^6.0 || ^7.0"
            },
            "bin": [
                "bin/phpcs",
                "bin/phpcbf"
            ],
            "type": "library",
            "extra": {
                "branch-alias": {
                    "dev-master": "3.x-dev"
                }
            },
            "notification-url": "https://packagist.org/downloads/",
            "license": [
                "BSD-3-Clause"
            ],
            "authors": [
                {
                    "name": "Greg Sherwood",
                    "role": "lead"
                }
            ],
            "description": "PHP_CodeSniffer tokenizes PHP, JavaScript and CSS files and detects violations of a defined set of coding standards.",
            "homepage": "http://www.squizlabs.com/php-codesniffer",
            "keywords": [
                "phpcs",
                "standards"
            ],
            "time": "2018-12-19 23:57:18"
        },
        {
            "name": "symfony/config",
            "version": "v4.2.3",
            "source": {
                "type": "git",
                "url": "https://github.com/symfony/config.git",
                "reference": "25a2e7abe0d97e70282537292e3df45cf6da7b98"
            },
            "dist": {
                "type": "zip",
                "url": "https://api.github.com/repos/symfony/config/zipball/25a2e7abe0d97e70282537292e3df45cf6da7b98",
                "reference": "25a2e7abe0d97e70282537292e3df45cf6da7b98",
                "shasum": ""
            },
            "require": {
                "php": "^7.1.3",
                "symfony/filesystem": "~3.4|~4.0",
                "symfony/polyfill-ctype": "~1.8"
            },
            "conflict": {
                "symfony/finder": "<3.4"
            },
            "require-dev": {
                "symfony/dependency-injection": "~3.4|~4.0",
                "symfony/event-dispatcher": "~3.4|~4.0",
                "symfony/finder": "~3.4|~4.0",
                "symfony/yaml": "~3.4|~4.0"
            },
            "suggest": {
                "symfony/yaml": "To use the yaml reference dumper"
            },
            "type": "library",
            "extra": {
                "branch-alias": {
                    "dev-master": "4.2-dev"
                }
            },
            "autoload": {
                "psr-4": {
                    "Symfony\\Component\\Config\\": ""
                },
                "exclude-from-classmap": [
                    "/Tests/"
                ]
            },
            "notification-url": "https://packagist.org/downloads/",
            "license": [
                "MIT"
            ],
            "authors": [
                {
                    "name": "Fabien Potencier",
                    "email": "fabien@symfony.com"
                },
                {
                    "name": "Symfony Community",
                    "homepage": "https://symfony.com/contributors"
                }
            ],
            "description": "Symfony Config Component",
            "homepage": "https://symfony.com",
            "time": "2019-01-30 11:44:30"
        },
        {
            "name": "symfony/console",
            "version": "v4.2.3",
            "source": {
                "type": "git",
                "url": "https://github.com/symfony/console.git",
                "reference": "1f0ad51dfde4da8a6070f06adc58b4e37cbb37a4"
            },
            "dist": {
                "type": "zip",
                "url": "https://api.github.com/repos/symfony/console/zipball/1f0ad51dfde4da8a6070f06adc58b4e37cbb37a4",
                "reference": "1f0ad51dfde4da8a6070f06adc58b4e37cbb37a4",
                "shasum": ""
            },
            "require": {
                "php": "^7.1.3",
                "symfony/contracts": "^1.0",
                "symfony/polyfill-mbstring": "~1.0"
            },
            "conflict": {
                "symfony/dependency-injection": "<3.4",
                "symfony/process": "<3.3"
            },
            "provide": {
                "psr/log-implementation": "1.0"
            },
            "require-dev": {
                "psr/log": "~1.0",
                "symfony/config": "~3.4|~4.0",
                "symfony/dependency-injection": "~3.4|~4.0",
                "symfony/event-dispatcher": "~3.4|~4.0",
                "symfony/lock": "~3.4|~4.0",
                "symfony/process": "~3.4|~4.0"
            },
            "suggest": {
                "psr/log": "For using the console logger",
                "symfony/event-dispatcher": "",
                "symfony/lock": "",
                "symfony/process": ""
            },
            "type": "library",
            "extra": {
                "branch-alias": {
                    "dev-master": "4.2-dev"
                }
            },
            "autoload": {
                "psr-4": {
                    "Symfony\\Component\\Console\\": ""
                },
                "exclude-from-classmap": [
                    "/Tests/"
                ]
            },
            "notification-url": "https://packagist.org/downloads/",
            "license": [
                "MIT"
            ],
            "authors": [
                {
                    "name": "Fabien Potencier",
                    "email": "fabien@symfony.com"
                },
                {
                    "name": "Symfony Community",
                    "homepage": "https://symfony.com/contributors"
                }
            ],
            "description": "Symfony Console Component",
            "homepage": "https://symfony.com",
            "time": "2019-01-25 14:35:16"
        },
        {
            "name": "symfony/contracts",
            "version": "v1.0.2",
            "source": {
                "type": "git",
                "url": "https://github.com/symfony/contracts.git",
                "reference": "1aa7ab2429c3d594dd70689604b5cf7421254cdf"
            },
            "dist": {
                "type": "zip",
                "url": "https://api.github.com/repos/symfony/contracts/zipball/1aa7ab2429c3d594dd70689604b5cf7421254cdf",
                "reference": "1aa7ab2429c3d594dd70689604b5cf7421254cdf",
                "shasum": ""
            },
            "require": {
                "php": "^7.1.3"
            },
            "require-dev": {
                "psr/cache": "^1.0",
                "psr/container": "^1.0"
            },
            "suggest": {
                "psr/cache": "When using the Cache contracts",
                "psr/container": "When using the Service contracts",
                "symfony/cache-contracts-implementation": "",
                "symfony/service-contracts-implementation": "",
                "symfony/translation-contracts-implementation": ""
            },
            "type": "library",
            "extra": {
                "branch-alias": {
                    "dev-master": "1.0-dev"
                }
            },
            "autoload": {
                "psr-4": {
                    "Symfony\\Contracts\\": ""
                },
                "exclude-from-classmap": [
                    "**/Tests/"
                ]
            },
            "notification-url": "https://packagist.org/downloads/",
            "license": [
                "MIT"
            ],
            "authors": [
                {
                    "name": "Nicolas Grekas",
                    "email": "p@tchwork.com"
                },
                {
                    "name": "Symfony Community",
                    "homepage": "https://symfony.com/contributors"
                }
            ],
            "description": "A set of abstractions extracted out of the Symfony components",
            "homepage": "https://symfony.com",
            "keywords": [
                "abstractions",
                "contracts",
                "decoupling",
                "interfaces",
                "interoperability",
                "standards"
            ],
            "time": "2018-12-05 08:06:11"
        },
        {
            "name": "symfony/dependency-injection",
            "version": "v4.2.3",
            "source": {
                "type": "git",
                "url": "https://github.com/symfony/dependency-injection.git",
                "reference": "72c14cbc0c27706b9b4c33b9cd7a280972ff4806"
            },
            "dist": {
                "type": "zip",
                "url": "https://api.github.com/repos/symfony/dependency-injection/zipball/72c14cbc0c27706b9b4c33b9cd7a280972ff4806",
                "reference": "72c14cbc0c27706b9b4c33b9cd7a280972ff4806",
                "shasum": ""
            },
            "require": {
                "php": "^7.1.3",
                "psr/container": "^1.0",
                "symfony/contracts": "^1.0"
            },
            "conflict": {
                "symfony/config": "<4.2",
                "symfony/finder": "<3.4",
                "symfony/proxy-manager-bridge": "<3.4",
                "symfony/yaml": "<3.4"
            },
            "provide": {
                "psr/container-implementation": "1.0",
                "symfony/service-contracts-implementation": "1.0"
            },
            "require-dev": {
                "symfony/config": "~4.2",
                "symfony/expression-language": "~3.4|~4.0",
                "symfony/yaml": "~3.4|~4.0"
            },
            "suggest": {
                "symfony/config": "",
                "symfony/expression-language": "For using expressions in service container configuration",
                "symfony/finder": "For using double-star glob patterns or when GLOB_BRACE portability is required",
                "symfony/proxy-manager-bridge": "Generate service proxies to lazy load them",
                "symfony/yaml": ""
            },
            "type": "library",
            "extra": {
                "branch-alias": {
                    "dev-master": "4.2-dev"
                }
            },
            "autoload": {
                "psr-4": {
                    "Symfony\\Component\\DependencyInjection\\": ""
                },
                "exclude-from-classmap": [
                    "/Tests/"
                ]
            },
            "notification-url": "https://packagist.org/downloads/",
            "license": [
                "MIT"
            ],
            "authors": [
                {
                    "name": "Fabien Potencier",
                    "email": "fabien@symfony.com"
                },
                {
                    "name": "Symfony Community",
                    "homepage": "https://symfony.com/contributors"
                }
            ],
            "description": "Symfony DependencyInjection Component",
            "homepage": "https://symfony.com",
            "time": "2019-01-30 17:51:38"
        },
        {
            "name": "symfony/filesystem",
            "version": "v4.2.3",
            "source": {
                "type": "git",
                "url": "https://github.com/symfony/filesystem.git",
                "reference": "7c16ebc2629827d4ec915a52ac809768d060a4ee"
            },
            "dist": {
                "type": "zip",
                "url": "https://api.github.com/repos/symfony/filesystem/zipball/7c16ebc2629827d4ec915a52ac809768d060a4ee",
                "reference": "7c16ebc2629827d4ec915a52ac809768d060a4ee",
                "shasum": ""
            },
            "require": {
                "php": "^7.1.3",
                "symfony/polyfill-ctype": "~1.8"
            },
            "type": "library",
            "extra": {
                "branch-alias": {
                    "dev-master": "4.2-dev"
                }
            },
            "autoload": {
                "psr-4": {
                    "Symfony\\Component\\Filesystem\\": ""
                },
                "exclude-from-classmap": [
                    "/Tests/"
                ]
            },
            "notification-url": "https://packagist.org/downloads/",
            "license": [
                "MIT"
            ],
            "authors": [
                {
                    "name": "Fabien Potencier",
                    "email": "fabien@symfony.com"
                },
                {
                    "name": "Symfony Community",
                    "homepage": "https://symfony.com/contributors"
                }
            ],
            "description": "Symfony Filesystem Component",
            "homepage": "https://symfony.com",
            "time": "2019-01-16 20:35:37"
        },
        {
            "name": "symfony/finder",
            "version": "v4.2.3",
            "source": {
                "type": "git",
                "url": "https://github.com/symfony/finder.git",
                "reference": "ef71816cbb264988bb57fe6a73f610888b9aa70c"
            },
            "dist": {
                "type": "zip",
                "url": "https://api.github.com/repos/symfony/finder/zipball/ef71816cbb264988bb57fe6a73f610888b9aa70c",
                "reference": "ef71816cbb264988bb57fe6a73f610888b9aa70c",
                "shasum": ""
            },
            "require": {
                "php": "^7.1.3"
            },
            "type": "library",
            "extra": {
                "branch-alias": {
                    "dev-master": "4.2-dev"
                }
            },
            "autoload": {
                "psr-4": {
                    "Symfony\\Component\\Finder\\": ""
                },
                "exclude-from-classmap": [
                    "/Tests/"
                ]
            },
            "notification-url": "https://packagist.org/downloads/",
            "license": [
                "MIT"
            ],
            "authors": [
                {
                    "name": "Fabien Potencier",
                    "email": "fabien@symfony.com"
                },
                {
                    "name": "Symfony Community",
                    "homepage": "https://symfony.com/contributors"
                }
            ],
            "description": "Symfony Finder Component",
            "homepage": "https://symfony.com",
            "time": "2019-01-16 20:35:37"
        },
        {
            "name": "symfony/polyfill-ctype",
            "version": "v1.10.0",
            "source": {
                "type": "git",
                "url": "https://github.com/symfony/polyfill-ctype.git",
                "reference": "e3d826245268269cd66f8326bd8bc066687b4a19"
            },
            "dist": {
                "type": "zip",
                "url": "https://api.github.com/repos/symfony/polyfill-ctype/zipball/e3d826245268269cd66f8326bd8bc066687b4a19",
                "reference": "e3d826245268269cd66f8326bd8bc066687b4a19",
                "shasum": ""
            },
            "require": {
                "php": ">=5.3.3"
            },
            "suggest": {
                "ext-ctype": "For best performance"
            },
            "type": "library",
            "extra": {
                "branch-alias": {
                    "dev-master": "1.9-dev"
                }
            },
            "autoload": {
                "psr-4": {
                    "Symfony\\Polyfill\\Ctype\\": ""
                },
                "files": [
                    "bootstrap.php"
                ]
            },
            "notification-url": "https://packagist.org/downloads/",
            "license": [
                "MIT"
            ],
            "authors": [
                {
                    "name": "Symfony Community",
                    "homepage": "https://symfony.com/contributors"
                },
                {
                    "name": "Gert de Pagter",
                    "email": "BackEndTea@gmail.com"
                }
            ],
            "description": "Symfony polyfill for ctype functions",
            "homepage": "https://symfony.com",
            "keywords": [
                "compatibility",
                "ctype",
                "polyfill",
                "portable"
            ],
            "time": "2018-08-06 14:22:27"
        },
        {
            "name": "symfony/polyfill-mbstring",
            "version": "v1.10.0",
            "source": {
                "type": "git",
                "url": "https://github.com/symfony/polyfill-mbstring.git",
                "reference": "c79c051f5b3a46be09205c73b80b346e4153e494"
            },
            "dist": {
                "type": "zip",
                "url": "https://api.github.com/repos/symfony/polyfill-mbstring/zipball/c79c051f5b3a46be09205c73b80b346e4153e494",
                "reference": "c79c051f5b3a46be09205c73b80b346e4153e494",
                "shasum": ""
            },
            "require": {
                "php": ">=5.3.3"
            },
            "suggest": {
                "ext-mbstring": "For best performance"
            },
            "type": "library",
            "extra": {
                "branch-alias": {
                    "dev-master": "1.9-dev"
                }
            },
            "autoload": {
                "psr-4": {
                    "Symfony\\Polyfill\\Mbstring\\": ""
                },
                "files": [
                    "bootstrap.php"
                ]
            },
            "notification-url": "https://packagist.org/downloads/",
            "license": [
                "MIT"
            ],
            "authors": [
                {
                    "name": "Nicolas Grekas",
                    "email": "p@tchwork.com"
                },
                {
                    "name": "Symfony Community",
                    "homepage": "https://symfony.com/contributors"
                }
            ],
            "description": "Symfony polyfill for the Mbstring extension",
            "homepage": "https://symfony.com",
            "keywords": [
                "compatibility",
                "mbstring",
                "polyfill",
                "portable",
                "shim"
            ],
            "time": "2018-09-21 13:07:52"
        },
        {
            "name": "symfony/yaml",
            "version": "v4.2.3",
            "source": {
                "type": "git",
                "url": "https://github.com/symfony/yaml.git",
                "reference": "d461670ee145092b7e2a56c1da7118f19cadadb0"
            },
            "dist": {
                "type": "zip",
                "url": "https://api.github.com/repos/symfony/yaml/zipball/d461670ee145092b7e2a56c1da7118f19cadadb0",
                "reference": "d461670ee145092b7e2a56c1da7118f19cadadb0",
                "shasum": ""
            },
            "require": {
                "php": "^7.1.3",
                "symfony/polyfill-ctype": "~1.8"
            },
            "conflict": {
                "symfony/console": "<3.4"
            },
            "require-dev": {
                "symfony/console": "~3.4|~4.0"
            },
            "suggest": {
                "symfony/console": "For validating YAML files using the lint command"
            },
            "type": "library",
            "extra": {
                "branch-alias": {
                    "dev-master": "4.2-dev"
                }
            },
            "autoload": {
                "psr-4": {
                    "Symfony\\Component\\Yaml\\": ""
                },
                "exclude-from-classmap": [
                    "/Tests/"
                ]
            },
            "notification-url": "https://packagist.org/downloads/",
            "license": [
                "MIT"
            ],
            "authors": [
                {
                    "name": "Fabien Potencier",
                    "email": "fabien@symfony.com"
                },
                {
                    "name": "Symfony Community",
                    "homepage": "https://symfony.com/contributors"
                }
            ],
            "description": "Symfony Yaml Component",
            "homepage": "https://symfony.com",
            "time": "2019-01-16 20:35:37"
        },
        {
            "name": "theseer/fdomdocument",
            "version": "1.6.6",
            "source": {
                "type": "git",
                "url": "https://github.com/theseer/fDOMDocument.git",
                "reference": "6e8203e40a32a9c770bcb62fe37e68b948da6dca"
            },
            "dist": {
                "type": "zip",
                "url": "https://api.github.com/repos/theseer/fDOMDocument/zipball/6e8203e40a32a9c770bcb62fe37e68b948da6dca",
                "reference": "6e8203e40a32a9c770bcb62fe37e68b948da6dca",
                "shasum": ""
            },
            "require": {
                "ext-dom": "*",
                "lib-libxml": "*",
                "php": ">=5.3.3"
            },
            "type": "library",
            "autoload": {
                "classmap": [
                    "src/"
                ]
            },
            "notification-url": "https://packagist.org/downloads/",
            "license": [
                "BSD-3-Clause"
            ],
            "authors": [
                {
                    "name": "Arne Blankerts",
                    "email": "arne@blankerts.de",
                    "role": "lead"
                }
            ],
            "description": "The classes contained within this repository extend the standard DOM to use exceptions at all occasions of errors instead of PHP warnings or notices. They also add various custom methods and shortcuts for convenience and to simplify the usage of DOM.",
            "homepage": "https://github.com/theseer/fDOMDocument",
            "time": "2017-06-30 11:53:12"
        }
    ],
    "aliases": [],
    "minimum-stability": "stable",
    "stability-flags": {
        "squizlabs/php_codesniffer": 0,
        "phing/phing": 0,
        "phploc/phploc": 0,
        "phpmd/phpmd": 0,
        "sebastian/phpcpd": 0
    },
    "prefer-stable": false,
    "prefer-lowest": false,
    "platform": {
        "php": ">=5.3.5"
    },
    "platform-dev": []
}
